
Microsoft Visual Studio Solution File, Format Version 12.00
# Visual Studio Version 16
VisualStudioVersion = 25.0.1705.6
MinimumVisualStudioVersion = 10.0.40219.1
Project("{FAE04EC0-301F-11D3-BF4B-00C04F79EFBC}") = "PracticeGpt", "PracticeGpt\PracticeGpt.csproj", "{A0956AFA-F5CB-4E72-80DB-51600057C2BC}"
EndProject
Global
	GlobalSection(SolutionConfigurationPlatforms) = preSolution
		Debug|Any CPU = Debug|Any CPU
		Release|Any CPU = Release|Any CPU
	EndGlobalSection
	GlobalSection(ProjectConfigurationPlatforms) = postSolution
		{A0956AFA-F5CB-4E72-80DB-51600057C2BC}.Debug|Any CPU.ActiveCfg = Debug|Any CPU
		{A0956AFA-F5CB-4E72-80DB-51600057C2BC}.Debug|Any CPU.Build.0 = Debug|Any CPU
		{A0956AFA-F5CB-4E72-80DB-51600057C2BC}.Release|Any CPU.ActiveCfg = Release|Any CPU
		{A0956AFA-F5CB-4E72-80DB-51600057C2BC}.Release|Any CPU.Build.0 = Release|Any CPU
	EndGlobalSection
	GlobalSection(SolutionProperties) = preSolution
		HideSolutionNode = FALSE
	EndGlobalSection
	GlobalSection(ExtensibilityGlobals) = postSolution
		SolutionGuid = {BB64A843-0F7A-437B-A98F-1253E87A5BCA}
	EndGlobalSection
EndGlobal
